
Microsoft Visual Studio Solution File, Format Version 12.00
# Visual Studio Version 17
VisualStudioVersion = 17.7.34031.279
MinimumVisualStudioVersion = 10.0.40219.1
Project("{2150E333-8FDC-42A3-9474-1A3956D46DE8}") = "APIGateway", "APIGateway", "{7F3D9932-7F0D-4EC9-A85E-C5B03AE52CA4}"
EndProject
Project("{2150E333-8FDC-42A3-9474-1A3956D46DE8}") = "Services", "Services", "{4EF610CD-0089-4D3A-BB3C-77233CFEAD1B}"
EndProject
Project("{9A19103F-16F7-4668-BE54-9A1E7A4F7556}") = "APIGateway", "APIGateway\APIGateway\APIGateway.csproj", "{5FFF64EF-22FF-48AB-BB68-E98CA9D8D692}"
EndProject
Project("{2150E333-8FDC-42A3-9474-1A3956D46DE8}") = "ShopiAPI", "ShopiAPI", "{3FC12D2A-F2D7-4B8D-BEBA-395040DF2A62}"
EndProject
Project("{2150E333-8FDC-42A3-9474-1A3956D46DE8}") = "Infrastructure", "Infrastructure", "{A608AC00-3FF0-411D-B83D-33999C7FAD66}"
EndProject
Project("{2150E333-8FDC-42A3-9474-1A3956D46DE8}") = "Models", "Models", "{E8B8B81C-D7D3-4DE8-ABA0-8F23BDC07558}"
EndProject
Project("{2150E333-8FDC-42A3-9474-1A3956D46DE8}") = "Service", "Service", "{35574A9A-460C-4EE1-AC40-96643E2CE5F8}"
EndProject
Project("{2150E333-8FDC-42A3-9474-1A3956D46DE8}") = "APIOrder", "APIOrder", "{71FF9C38-291E-44D7-B9C1-6E10AD948524}"
EndProject
Project("{9A19103F-16F7-4668-BE54-9A1E7A4F7556}") = "ApiOrder", "Services\ShopiAPI\APIOrder\ApiOrder\ApiOrder.csproj", "{62139F3C-D243-43F6-A142-7DECB272E2E5}"
EndProject
Project("{9A19103F-16F7-4668-BE54-9A1E7A4F7556}") = "Infrastructure", "Services\ShopiAPI\Infrastructure\Infrastructure\Infrastructure.csproj", "{8F6BF733-5959-407F-A439-E9D9C77085A4}"
EndProject
Project("{9A19103F-16F7-4668-BE54-9A1E7A4F7556}") = "Models", "Services\ShopiAPI\Models\Models\Models.csproj", "{29F909FA-6954-469C-96B1-FA40940A8498}"
EndProject
Project("{9A19103F-16F7-4668-BE54-9A1E7A4F7556}") = "Shopi.API.Service", "Services\ShopiAPI\Service\Shopi.API.Service\Shopi.API.Service.csproj", "{7F017663-CC20-4464-9B37-6AB7899DD95B}"
EndProject
Project("{2150E333-8FDC-42A3-9474-1A3956D46DE8}") = "DataAccess", "DataAccess", "{F3249A6B-6A90-4740-B6ED-3B4085001C00}"
EndProject
Project("{9A19103F-16F7-4668-BE54-9A1E7A4F7556}") = "DataAccess", "Services\ShopiAPI\DataAccess\DataAccess\DataAccess.csproj", "{1600576B-21B0-4AD9-B41D-F33F8CC3E691}"
EndProject
Global
	GlobalSection(SolutionConfigurationPlatforms) = preSolution
		Debug|Any CPU = Debug|Any CPU
		Release|Any CPU = Release|Any CPU
	EndGlobalSection
	GlobalSection(ProjectConfigurationPlatforms) = postSolution
		{5FFF64EF-22FF-48AB-BB68-E98CA9D8D692}.Debug|Any CPU.ActiveCfg = Debug|Any CPU
		{5FFF64EF-22FF-48AB-BB68-E98CA9D8D692}.Debug|Any CPU.Build.0 = Debug|Any CPU
		{5FFF64EF-22FF-48AB-BB68-E98CA9D8D692}.Release|Any CPU.ActiveCfg = Release|Any CPU
		{5FFF64EF-22FF-48AB-BB68-E98CA9D8D692}.Release|Any CPU.Build.0 = Release|Any CPU
		{62139F3C-D243-43F6-A142-7DECB272E2E5}.Debug|Any CPU.ActiveCfg = Debug|Any CPU
		{62139F3C-D243-43F6-A142-7DECB272E2E5}.Debug|Any CPU.Build.0 = Debug|Any CPU
		{62139F3C-D243-43F6-A142-7DECB272E2E5}.Release|Any CPU.ActiveCfg = Release|Any CPU
		{62139F3C-D243-43F6-A142-7DECB272E2E5}.Release|Any CPU.Build.0 = Release|Any CPU
		{8F6BF733-5959-407F-A439-E9D9C77085A4}.Debug|Any CPU.ActiveCfg = Debug|Any CPU
		{8F6BF733-5959-407F-A439-E9D9C77085A4}.Debug|Any CPU.Build.0 = Debug|Any CPU
		{8F6BF733-5959-407F-A439-E9D9C77085A4}.Release|Any CPU.ActiveCfg = Release|Any CPU
		{8F6BF733-5959-407F-A439-E9D9C77085A4}.Release|Any CPU.Build.0 = Release|Any CPU
		{29F909FA-6954-469C-96B1-FA40940A8498}.Debug|Any CPU.ActiveCfg = Debug|Any CPU
		{29F909FA-6954-469C-96B1-FA40940A8498}.Debug|Any CPU.Build.0 = Debug|Any CPU
		{29F909FA-6954-469C-96B1-FA40940A8498}.Release|Any CPU.ActiveCfg = Release|Any CPU
		{29F909FA-6954-469C-96B1-FA40940A8498}.Release|Any CPU.Build.0 = Release|Any CPU
		{7F017663-CC20-4464-9B37-6AB7899DD95B}.Debug|Any CPU.ActiveCfg = Debug|Any CPU
		{7F017663-CC20-4464-9B37-6AB7899DD95B}.Debug|Any CPU.Build.0 = Debug|Any CPU
		{7F017663-CC20-4464-9B37-6AB7899DD95B}.Release|Any CPU.ActiveCfg = Release|Any CPU
		{7F017663-CC20-4464-9B37-6AB7899DD95B}.Release|Any CPU.Build.0 = Release|Any CPU
		{1600576B-21B0-4AD9-B41D-F33F8CC3E691}.Debug|Any CPU.ActiveCfg = Debug|Any CPU
		{1600576B-21B0-4AD9-B41D-F33F8CC3E691}.Debug|Any CPU.Build.0 = Debug|Any CPU
		{1600576B-21B0-4AD9-B41D-F33F8CC3E691}.Release|Any CPU.ActiveCfg = Release|Any CPU
		{1600576B-21B0-4AD9-B41D-F33F8CC3E691}.Release|Any CPU.Build.0 = Release|Any CPU
	EndGlobalSection
	GlobalSection(SolutionProperties) = preSolution
		HideSolutionNode = FALSE
	EndGlobalSection
	GlobalSection(NestedProjects) = preSolution
		{5FFF64EF-22FF-48AB-BB68-E98CA9D8D692} = {7F3D9932-7F0D-4EC9-A85E-C5B03AE52CA4}
		{3FC12D2A-F2D7-4B8D-BEBA-395040DF2A62} = {4EF610CD-0089-4D3A-BB3C-77233CFEAD1B}
		{A608AC00-3FF0-411D-B83D-33999C7FAD66} = {3FC12D2A-F2D7-4B8D-BEBA-395040DF2A62}
		{E8B8B81C-D7D3-4DE8-ABA0-8F23BDC07558} = {3FC12D2A-F2D7-4B8D-BEBA-395040DF2A62}
		{35574A9A-460C-4EE1-AC40-96643E2CE5F8} = {3FC12D2A-F2D7-4B8D-BEBA-395040DF2A62}
		{71FF9C38-291E-44D7-B9C1-6E10AD948524} = {3FC12D2A-F2D7-4B8D-BEBA-395040DF2A62}
		{62139F3C-D243-43F6-A142-7DECB272E2E5} = {71FF9C38-291E-44D7-B9C1-6E10AD948524}
		{8F6BF733-5959-407F-A439-E9D9C77085A4} = {A608AC00-3FF0-411D-B83D-33999C7FAD66}
		{29F909FA-6954-469C-96B1-FA40940A8498} = {E8B8B81C-D7D3-4DE8-ABA0-8F23BDC07558}
		{7F017663-CC20-4464-9B37-6AB7899DD95B} = {35574A9A-460C-4EE1-AC40-96643E2CE5F8}
		{F3249A6B-6A90-4740-B6ED-3B4085001C00} = {3FC12D2A-F2D7-4B8D-BEBA-395040DF2A62}
		{1600576B-21B0-4AD9-B41D-F33F8CC3E691} = {F3249A6B-6A90-4740-B6ED-3B4085001C00}
	EndGlobalSection
	GlobalSection(ExtensibilityGlobals) = postSolution
		SolutionGuid = {81A972E4-18D4-4384-B79A-89713B43A762}
	EndGlobalSection
EndGlobal
